
Microsoft Visual Studio Solution File, Format Version 12.00
# Visual Studio 15
VisualStudioVersion = 15.0.26730.16
MinimumVisualStudioVersion = 10.0.40219.1
Project("{FAE04EC0-301F-11D3-BF4B-00C04F79EFBC}") = "collection_part2,3_Array", "collection_part2\collection_part2,3_Array.csproj", "{C7B2E57D-3FDE-46CC-BAE4-2BCE0843C8FA}"
EndProject
Global
	GlobalSection(SolutionConfigurationPlatforms) = preSolution
		Debug|Any CPU = Debug|Any CPU
		Release|Any CPU = Release|Any CPU
	EndGlobalSection
	GlobalSection(ProjectConfigurationPlatforms) = postSolution
		{C7B2E57D-3FDE-46CC-BAE4-2BCE0843C8FA}.Debug|Any CPU.ActiveCfg = Debug|Any CPU
		{C7B2E57D-3FDE-46CC-BAE4-2BCE0843C8FA}.Debug|Any CPU.Build.0 = Debug|Any CPU
		{C7B2E57D-3FDE-46CC-BAE4-2BCE0843C8FA}.Release|Any CPU.ActiveCfg = Release|Any CPU
		{C7B2E57D-3FDE-46CC-BAE4-2BCE0843C8FA}.Release|Any CPU.Build.0 = Release|Any CPU
	EndGlobalSection
	GlobalSection(SolutionProperties) = preSolution
		HideSolutionNode = FALSE
	EndGlobalSection
	GlobalSection(ExtensibilityGlobals) = postSolution
		SolutionGuid = {2E700489-12F6-475F-B661-BFB271BFEA18}
	EndGlobalSection
EndGlobal
